// !$*UTF8*$!
{
	archiveVersion = 1;
	classes = {
	};
	objectVersion = 50;
	objects = {

/* Begin PBXBuildFile section */
		A666F7FB23CCA7AD0069F0F6 /* AppDelegate.swift in Sources */ = {isa = PBXBuildFile; fileRef = A666F7FA23CCA7AD0069F0F6 /* AppDelegate.swift */; };
		A666F7FD23CCA7AD0069F0F6 /* SceneDelegate.swift in Sources */ = {isa = PBXBuildFile; fileRef = A666F7FC23CCA7AD0069F0F6 /* SceneDelegate.swift */; };
		A666F7FF23CCA7AD0069F0F6 /* DayViewController.swift in Sources */ = {isa = PBXBuildFile; fileRef = A666F7FE23CCA7AD0069F0F6 /* DayViewController.swift */; };
		A666F80423CCA7AF0069F0F6 /* Assets.xcassets in Resources */ = {isa = PBXBuildFile; fileRef = A666F80323CCA7AF0069F0F6 /* Assets.xcassets */; };
		A666F80723CCA7AF0069F0F6 /* LaunchScreen.storyboard in Resources */ = {isa = PBXBuildFile; fileRef = A666F80523CCA7AF0069F0F6 /* LaunchScreen.storyboard */; };
		A666F80F23CCA83B0069F0F6 /* MonthViewController.swift in Sources */ = {isa = PBXBuildFile; fileRef = A666F80E23CCA83B0069F0F6 /* MonthViewController.swift */; };
		A666F81123CCA85B0069F0F6 /* StatsViewController.swift in Sources */ = {isa = PBXBuildFile; fileRef = A666F81023CCA85B0069F0F6 /* StatsViewController.swift */; };
		A666F81323CCB1A80069F0F6 /* BudgetViewController.swift in Sources */ = {isa = PBXBuildFile; fileRef = A666F81223CCB1A80069F0F6 /* BudgetViewController.swift */; };
/* End PBXBuildFile section */

/* Begin PBXFileReference section */
		A666F7F723CCA7AD0069F0F6 /* HousekeepingBook.app */ = {isa = PBXFileReference; explicitFileType = wrapper.application; includeInIndex = 0; path = HousekeepingBook.app; sourceTree = BUILT_PRODUCTS_DIR; };
		A666F7FA23CCA7AD0069F0F6 /* AppDelegate.swift */ = {isa = PBXFileReference; lastKnownFileType = sourcecode.swift; path = AppDelegate.swift; sourceTree = "<group>"; };
		A666F7FC23CCA7AD0069F0F6 /* SceneDelegate.swift */ = {isa = PBXFileReference; lastKnownFileType = sourcecode.swift; path = SceneDelegate.swift; sourceTree = "<group>"; };
		A666F7FE23CCA7AD0069F0F6 /* DayViewController.swift */ = {isa = PBXFileReference; lastKnownFileType = sourcecode.swift; path = DayViewController.swift; sourceTree = "<group>"; };
		A666F80323CCA7AF0069F0F6 /* Assets.xcassets */ = {isa = PBXFileReference; lastKnownFileType = folder.assetcatalog; path = Assets.xcassets; sourceTree = "<group>"; };
		A666F80623CCA7AF0069F0F6 /* Base */ = {isa = PBXFileReference; lastKnownFileType = file.storyboard; name = Base; path = Base.lproj/LaunchScreen.storyboard; sourceTree = "<group>"; };
		A666F80823CCA7AF0069F0F6 /* Info.plist */ = {isa = PBXFileReference; lastKnownFileType = text.plist.xml; path = Info.plist; sourceTree = "<group>"; };
		A666F80E23CCA83B0069F0F6 /* MonthViewController.swift */ = {isa = PBXFileReference; lastKnownFileType = sourcecode.swift; path = MonthViewController.swift; sourceTree = "<group>"; };
		A666F81023CCA85B0069F0F6 /* StatsViewController.swift */ = {isa = PBXFileReference; lastKnownFileType = sourcecode.swift; path = StatsViewController.swift; sourceTree = "<group>"; };
		A666F81223CCB1A80069F0F6 /* BudgetViewController.swift */ = {isa = PBXFileReference; lastKnownFileType = sourcecode.swift; path = BudgetViewController.swift; sourceTree = "<group>"; };
/* End PBXFileReference section */

/* Begin PBXFrameworksBuildPhase section */
		A666F7F423CCA7AD0069F0F6 /* Frameworks */ = {
			isa = PBXFrameworksBuildPhase;
			buildActionMask = 2147483647;
			files = (
			);
			runOnlyForDeploymentPostprocessing = 0;
		};
/* End PBXFrameworksBuildPhase section */

/* Begin PBXGroup section */
		A666F7EE23CCA7AD0069F0F6 = {
			isa = PBXGroup;
			children = (
				A666F7F923CCA7AD0069F0F6 /* HousekeepingBook */,
				A666F7F823CCA7AD0069F0F6 /* Products */,
			);
			sourceTree = "<group>";
		};
		A666F7F823CCA7AD0069F0F6 /* Products */ = {
			isa = PBXGroup;
			children = (
				A666F7F723CCA7AD0069F0F6 /* HousekeepingBook.app */,
			);
			name = Products;
			sourceTree = "<group>";
		};
		A666F7F923CCA7AD0069F0F6 /* HousekeepingBook */ = {
			isa = PBXGroup;
			children = (
				A666F7FA23CCA7AD0069F0F6 /* AppDelegate.swift */,
				A666F7FC23CCA7AD0069F0F6 /* SceneDelegate.swift */,
				A666F7FE23CCA7AD0069F0F6 /* DayViewController.swift */,
				A666F80E23CCA83B0069F0F6 /* MonthViewController.swift */,
				A666F81223CCB1A80069F0F6 /* BudgetViewController.swift */,
				A666F81023CCA85B0069F0F6 /* StatsViewController.swift */,
				A666F80323CCA7AF0069F0F6 /* Assets.xcassets */,
				A666F80523CCA7AF0069F0F6 /* LaunchScreen.storyboard */,
				A666F80823CCA7AF0069F0F6 /* Info.plist */,
			);
			path = HousekeepingBook;
			sourceTree = "<group>";
		};
/* End PBXGroup section */

/* Begin PBXNativeTarget section */
		A666F7F623CCA7AD0069F0F6 /* HousekeepingBook */ = {
			isa = PBXNativeTarget;
			buildConfigurationList = A666F80B23CCA7AF0069F0F6 /* Build configuration list for PBXNativeTarget "HousekeepingBook" */;
			buildPhases = (
				A666F7F323CCA7AD0069F0F6 /* Sources */,
				A666F7F423CCA7AD0069F0F6 /* Frameworks */,
				A666F7F523CCA7AD0069F0F6 /* Resources */,
			);
			buildRules = (
			);
			dependencies = (
			);
			name = HousekeepingBook;
			productName = HousekeepingBook;
			productReference = A666F7F723CCA7AD0069F0F6 /* HousekeepingBook.app */;
			productType = "com.apple.product-type.application";
		};
/* End PBXNativeTarget section */

/* Begin PBXProject section */
		A666F7EF23CCA7AD0069F0F6 /* Project object */ = {
			isa = PBXProject;
			attributes = {
				LastSwiftUpdateCheck = 1130;
				LastUpgradeCheck = 1130;
				ORGANIZATIONNAME = Jisng;
				TargetAttributes = {
					A666F7F623CCA7AD0069F0F6 = {
						CreatedOnToolsVersion = 11.3;
					};
				};
			};
			buildConfigurationList = A666F7F223CCA7AD0069F0F6 /* Build configuration list for PBXProject "HousekeepingBook" */;
			compatibilityVersion = "Xcode 9.3";
			developmentRegion = en;
			hasScannedForEncodings = 0;
			knownRegions = (
				en,
				Base,
			);
			mainGroup = A666F7EE23CCA7AD0069F0F6;
			productRefGroup = A666F7F823CCA7AD0069F0F6 /* Products */;
			projectDirPath = "";
			projectRoot = "";
			targets = (
				A666F7F623CCA7AD0069F0F6 /* HousekeepingBook */,
			);
		};
/* End PBXProject section */

/* Begin PBXResourcesBuildPhase section */
		A666F7F523CCA7AD0069F0F6 /* Resources */ = {
			isa = PBXResourcesBuildPhase;
			buildActionMask = 2147483647;
			files = (
				A666F80723CCA7AF0069F0F6 /* LaunchScreen.storyboard in Resources */,
				A666F80423CCA7AF0069F0F6 /* Assets.xcassets in Resources */,
			);
			runOnlyForDeploymentPostprocessing = 0;
		};
/* End PBXResourcesBuildPhase section */

/* Begin PBXSourcesBuildPhase section */
		A666F7F323CCA7AD0069F0F6 /* Sources */ = {
			isa = PBXSourcesBuildPhase;
			buildActionMask = 2147483647;
			files = (
				A666F7FF23CCA7AD0069F0F6 /* DayViewController.swift in Sources */,
				A666F81323CCB1A80069F0F6 /* BudgetViewController.swift in Sources */,
				A666F80F23CCA83B0069F0F6 /* MonthViewController.swift in Sources */,
				A666F7FB23CCA7AD0069F0F6 /* AppDelegate.swift in Sources */,
				A666F81123CCA85B0069F0F6 /* StatsViewController.swift in Sources */,
				A666F7FD23CCA7AD0069F0F6 /* SceneDelegate.swift in Sources */,
			);
			runOnlyForDeploymentPostprocessing = 0;
		};
/* End PBXSourcesBuildPhase section */

/* Begin PBXVariantGroup section */
		A666F80523CCA7AF0069F0F6 /* LaunchScreen.storyboard */ = {
			isa = PBXVariantGroup;
			children = (
				A666F80623CCA7AF0069F0F6 /* Base */,
			);
			name = LaunchScreen.storyboard;
			sourceTree = "<group>";
		};
/* End PBXVariantGroup section */

/* Begin XCBuildConfiguration section */
		A666F80923CCA7AF0069F0F6 /* Debug */ = {
			isa = XCBuildConfiguration;
			buildSettings = {
				ALWAYS_SEARCH_USER_PATHS = NO;
				CLANG_ANALYZER_NONNULL = YES;
				CLANG_ANALYZER_NUMBER_OBJECT_CONVERSION = YES_AGGRESSIVE;
				CLANG_CXX_LANGUAGE_STANDARD = "gnu++14";
				CLANG_CXX_LIBRARY = "libc++";
				CLANG_ENABLE_MODULES = YES;
				CLANG_ENABLE_OBJC_ARC = YES;
				CLANG_ENABLE_OBJC_WEAK = YES;
				CLANG_WARN_BLOCK_CAPTURE_AUTORELEASING = YES;
				CLANG_WARN_BOOL_CONVERSION = YES;
				CLANG_WARN_COMMA = YES;
				CLANG_WARN_CONSTANT_CONVERSION = YES;
				CLANG_WARN_DEPRECATED_OBJC_IMPLEMENTATIONS = YES;
				CLANG_WARN_DIRECT_OBJC_ISA_USAGE = YES_ERROR;
				CLANG_WARN_DOCUMENTATION_COMMENTS = YES;
				CLANG_WARN_EMPTY_BODY = YES;
				CLANG_WARN_ENUM_CONVERSION = YES;
				CLANG_WARN_INFINITE_RECURSION = YES;
				CLANG_WARN_INT_CONVERSION = YES;
				CLANG_WARN_NON_LITERAL_NULL_CONVERSION = YES;
				CLANG_WARN_OBJC_IMPLICIT_RETAIN_SELF = YES;
				CLANG_WARN_OBJC_LITERAL_CONVERSION = YES;
				CLANG_WARN_OBJC_ROOT_CLASS = YES_ERROR;
				CLANG_WARN_RANGE_LOOP_ANALYSIS = YES;
				CLANG_WARN_STRICT_PROTOTYPES = YES;
				CLANG_WARN_SUSPICIOUS_MOVE = YES;
				CLANG_WARN_UNGUARDED_AVAILABILITY = YES_AGGRESSIVE;
				CLANG_WARN_UNREACHABLE_CODE = YES;
				CLANG_WARN__DUPLICATE_METHOD_MATCH = YES;
				COPY_PHASE_STRIP = NO;
				DEBUG_INFORMATION_FORMAT = dwarf;
				ENABLE_STRICT_OBJC_MSGSEND = YES;
				ENABLE_TESTABILITY = YES;
				GCC_C_LANGUAGE_STANDARD = gnu11;
				GCC_DYNAMIC_NO_PIC = NO;
				GCC_NO_COMMON_BLOCKS = YES;
				GCC_OPTIMIZATION_LEVEL = 0;
				GCC_PREPROCESSOR_DEFINITIONS = (
					"DEBUG=1",
					"$(inherited)",
				);
				GCC_WARN_64_TO_32_BIT_CONVERSION = YES;
				GCC_WARN_ABOUT_RETURN_TYPE = YES_ERROR;
				GCC_WARN_UNDECLARED_SELECTOR = YES;
				GCC_WARN_UNINITIALIZED_AUTOS = YES_AGGRESSIVE;
				GCC_WARN_UNUSED_FUNCTION = YES;
				GCC_WARN_UNUSED_VARIABLE = YES;
				IPHONEOS_DEPLOYMENT_TARGET = 13.2;
				MTL_ENABLE_DEBUG_INFO = INCLUDE_SOURCE;
				MTL_FAST_MATH = YES;
				ONLY_ACTIVE_ARCH = YES;
				SDKROOT = iphoneos;
				SWIFT_ACTIVE_COMPILATION_CONDITIONS = DEBUG;
				SWIFT_OPTIMIZATION_LEVEL = "-Onone";
			};
			name = Debug;
		};
		A666F80A23CCA7AF0069F0F6 /* Release */ = {
			isa = XCBuildConfiguration;
			buildSettings = {
				ALWAYS_SEARCH_USER_PATHS = NO;
				CLANG_ANALYZER_NONNULL = YES;
				CLANG_ANALYZER_NUMBER_OBJECT_CONVERSION = YES_AGGRESSIVE;
				CLANG_CXX_LANGUAGE_STANDARD = "gnu++14";
				CLANG_CXX_LIBRARY = "libc++";
				CLANG_ENABLE_MODULES = YES;
				CLANG_ENABLE_OBJC_ARC = YES;
				CLANG_ENABLE_OBJC_WEAK = YES;
				CLANG_WARN_BLOCK_CAPTURE_AUTORELEASING = YES;
				CLANG_WARN_BOOL_CONVERSION = YES;
				CLANG_WARN_COMMA = YES;
				CLANG_WARN_CONSTANT_CONVERSION = YES;
				CLANG_WARN_DEPRECATED_OBJC_IMPLEMENTATIONS = YES;
				CLANG_WARN_DIRECT_OBJC_ISA_USAGE = YES_ERROR;
				CLANG_WARN_DOCUMENTATION_COMMENTS = YES;
				CLANG_WARN_EMPTY_BODY = YES;
				CLANG_WARN_ENUM_CONVERSION = YES;
				CLANG_WARN_INFINITE_RECURSION = YES;
				CLANG_WARN_INT_CONVERSION = YES;
				CLANG_WARN_NON_LITERAL_NULL_CONVERSION = YES;
				CLANG_WARN_OBJC_IMPLICIT_RETAIN_SELF = YES;
				CLANG_WARN_OBJC_LITERAL_CONVERSION = YES;
				CLANG_WARN_OBJC_ROOT_CLASS = YES_ERROR;
				CLANG_WARN_RANGE_LOOP_ANALYSIS = YES;
				CLANG_WARN_STRICT_PROTOTYPES = YES;
				CLANG_WARN_SUSPICIOUS_MOVE = YES;
				CLANG_WARN_UNGUARDED_AVAILABILITY = YES_AGGRESSIVE;
				CLANG_WARN_UNREACHABLE_CODE = YES;
				CLANG_WARN__DUPLICATE_METHOD_MATCH = YES;
				COPY_PHASE_STRIP = NO;
				DEBUG_INFORMATION_FORMAT = "dwarf-with-dsym";
				ENABLE_NS_ASSERTIONS = NO;
				ENABLE_STRICT_OBJC_MSGSEND = YES;
				GCC_C_LANGUAGE_STANDARD = gnu11;
				GCC_NO_COMMON_BLOCKS = YES;
				GCC_WARN_64_TO_32_BIT_CONVERSION = YES;
				GCC_WARN_ABOUT_RETURN_TYPE = YES_ERROR;
				GCC_WARN_UNDECLARED_SELECTOR = YES;
				GCC_WARN_UNINITIALIZED_AUTOS = YES_AGGRESSIVE;
				GCC_WARN_UNUSED_FUNCTION = YES;
				GCC_WARN_UNUSED_VARIABLE = YES;
				IPHONEOS_DEPLOYMENT_TARGET = 13.2;
				MTL_ENABLE_DEBUG_INFO = NO;
				MTL_FAST_MATH = YES;
				SDKROOT = iphoneos;
				SWIFT_COMPILATION_MODE = wholemodule;
				SWIFT_OPTIMIZATION_LEVEL = "-O";
				VALIDATE_PRODUCT = YES;
			};
			name = Release;
		};
		A666F80C23CCA7AF0069F0F6 /* Debug */ = {
			isa = XCBuildConfiguration;
			buildSettings = {
				ASSETCATALOG_COMPILER_APPICON_NAME = AppIcon;
				CODE_SIGN_STYLE = Automatic;
				DEVELOPMENT_TEAM = G63629C67V;
				INFOPLIST_FILE = HousekeepingBook/Info.plist;
				LD_RUNPATH_SEARCH_PATHS = (
					"$(inherited)",
					"@executable_path/Frameworks",
				);
				PRODUCT_BUNDLE_IDENTIFIER = kr.jisng.identifier.HousekeepingBook;
				PRODUCT_NAME = "$(TARGET_NAME)";
				SWIFT_VERSION = 5.0;
				TARGETED_DEVICE_FAMILY = "1,2";
			};
			name = Debug;
		};
		A666F80D23CCA7AF0069F0F6 /* Release */ = {
			isa = XCBuildConfiguration;
			buildSettings = {
				ASSETCATALOG_COMPILER_APPICON_NAME = AppIcon;
				CODE_SIGN_STYLE = Automatic;
				DEVELOPMENT_TEAM = G63629C67V;
				INFOPLIST_FILE = HousekeepingBook/Info.plist;
				LD_RUNPATH_SEARCH_PATHS = (
					"$(inherited)",
					"@executable_path/Frameworks",
				);
				PRODUCT_BUNDLE_IDENTIFIER = kr.jisng.identifier.HousekeepingBook;
				PRODUCT_NAME = "$(TARGET_NAME)";
				SWIFT_VERSION = 5.0;
				TARGETED_DEVICE_FAMILY = "1,2";
			};
			name = Release;
		};
/* End XCBuildConfiguration section */

/* Begin XCConfigurationList section */
		A666F7F223CCA7AD0069F0F6 /* Build configuration list for PBXProject "HousekeepingBook" */ = {
			isa = XCConfigurationList;
			buildConfigurations = (
				A666F80923CCA7AF0069F0F6 /* Debug */,
				A666F80A23CCA7AF0069F0F6 /* Release */,
			);
			defaultConfigurationIsVisible = 0;
			defaultConfigurationName = Release;
		};
		A666F80B23CCA7AF0069F0F6 /* Build configuration list for PBXNativeTarget "HousekeepingBook" */ = {
			isa = XCConfigurationList;
			buildConfigurations = (
				A666F80C23CCA7AF0069F0F6 /* Debug */,
				A666F80D23CCA7AF0069F0F6 /* Release */,
			);
			defaultConfigurationIsVisible = 0;
			defaultConfigurationName = Release;
		};
/* End XCConfigurationList section */
	};
	rootObject = A666F7EF23CCA7AD0069F0F6 /* Project object */;
}
