// !$*UTF8*$!
{
	archiveVersion = 1;
	classes = {
	};
	objectVersion = 50;
	objects = {

/* Begin PBXBuildFile section */
		892C6998D4713CED61509C2E /* Pods_AppAccountBook.framework in Frameworks */ = {isa = PBXBuildFile; fileRef = 37198681FE477672229B795D /* Pods_AppAccountBook.framework */; };
		A605CB2E23D6F88E00777436 /* AppDelegate.swift in Sources */ = {isa = PBXBuildFile; fileRef = A605CB2D23D6F88E00777436 /* AppDelegate.swift */; };
		A605CB3023D6F88E00777436 /* SceneDelegate.swift in Sources */ = {isa = PBXBuildFile; fileRef = A605CB2F23D6F88E00777436 /* SceneDelegate.swift */; };
		A605CB3223D6F88E00777436 /* TodayViewController.swift in Sources */ = {isa = PBXBuildFile; fileRef = A605CB3123D6F88E00777436 /* TodayViewController.swift */; };
		A605CB3723D6F88F00777436 /* Assets.xcassets in Resources */ = {isa = PBXBuildFile; fileRef = A605CB3623D6F88F00777436 /* Assets.xcassets */; };
		A605CB3A23D6F88F00777436 /* LaunchScreen.storyboard in Resources */ = {isa = PBXBuildFile; fileRef = A605CB3823D6F88F00777436 /* LaunchScreen.storyboard */; };
		A605CB4523D6F97A00777436 /* MonthViewController.swift in Sources */ = {isa = PBXBuildFile; fileRef = A605CB4423D6F97A00777436 /* MonthViewController.swift */; };
		A605CB4723D6F99E00777436 /* ChartViewController.swift in Sources */ = {isa = PBXBuildFile; fileRef = A605CB4623D6F99E00777436 /* ChartViewController.swift */; };
		A605CB4923D6FAB500777436 /* TodayView.swift in Sources */ = {isa = PBXBuildFile; fileRef = A605CB4823D6FAB500777436 /* TodayView.swift */; };
		A605CB4B23D6FAC000777436 /* MonthView.swift in Sources */ = {isa = PBXBuildFile; fileRef = A605CB4A23D6FAC000777436 /* MonthView.swift */; };
		A605CB4D23D6FAC800777436 /* ChartView.swift in Sources */ = {isa = PBXBuildFile; fileRef = A605CB4C23D6FAC800777436 /* ChartView.swift */; };
		A605CB4F23D6FADC00777436 /* ColorData.swift in Sources */ = {isa = PBXBuildFile; fileRef = A605CB4E23D6FADC00777436 /* ColorData.swift */; };
		A605CB5223D8197900777436 /* TodayTableCell.swift in Sources */ = {isa = PBXBuildFile; fileRef = A605CB5123D8197900777436 /* TodayTableCell.swift */; };
		A605CB5423D81B9D00777436 /* InputView.swift in Sources */ = {isa = PBXBuildFile; fileRef = A605CB5323D81B9D00777436 /* InputView.swift */; };
		A605CB5623D820B300777436 /* TagView.swift in Sources */ = {isa = PBXBuildFile; fileRef = A605CB5523D820B300777436 /* TagView.swift */; };
		A605CB5823D821F300777436 /* TagData.swift in Sources */ = {isa = PBXBuildFile; fileRef = A605CB5723D821F300777436 /* TagData.swift */; };
		A605CB5A23D83D6B00777436 /* TestViewController.swift in Sources */ = {isa = PBXBuildFile; fileRef = A605CB5923D83D6B00777436 /* TestViewController.swift */; };
		A605CB5E23D847F800777436 /* InputViewController.swift in Sources */ = {isa = PBXBuildFile; fileRef = A605CB5D23D847F800777436 /* InputViewController.swift */; };
/* End PBXBuildFile section */

/* Begin PBXFileReference section */
		1E7760C7B82B40393CE9440E /* Pods-AppAccountBook.debug.xcconfig */ = {isa = PBXFileReference; includeInIndex = 1; lastKnownFileType = text.xcconfig; name = "Pods-AppAccountBook.debug.xcconfig"; path = "Target Support Files/Pods-AppAccountBook/Pods-AppAccountBook.debug.xcconfig"; sourceTree = "<group>"; };
		37198681FE477672229B795D /* Pods_AppAccountBook.framework */ = {isa = PBXFileReference; explicitFileType = wrapper.framework; includeInIndex = 0; path = Pods_AppAccountBook.framework; sourceTree = BUILT_PRODUCTS_DIR; };
		387D89C2FC1301E1B11DAA7A /* Pods-AppAccountBook.release.xcconfig */ = {isa = PBXFileReference; includeInIndex = 1; lastKnownFileType = text.xcconfig; name = "Pods-AppAccountBook.release.xcconfig"; path = "Target Support Files/Pods-AppAccountBook/Pods-AppAccountBook.release.xcconfig"; sourceTree = "<group>"; };
		A605CB2A23D6F88E00777436 /* AppAccountBook.app */ = {isa = PBXFileReference; explicitFileType = wrapper.application; includeInIndex = 0; path = AppAccountBook.app; sourceTree = BUILT_PRODUCTS_DIR; };
		A605CB2D23D6F88E00777436 /* AppDelegate.swift */ = {isa = PBXFileReference; lastKnownFileType = sourcecode.swift; path = AppDelegate.swift; sourceTree = "<group>"; };
		A605CB2F23D6F88E00777436 /* SceneDelegate.swift */ = {isa = PBXFileReference; lastKnownFileType = sourcecode.swift; path = SceneDelegate.swift; sourceTree = "<group>"; };
		A605CB3123D6F88E00777436 /* TodayViewController.swift */ = {isa = PBXFileReference; lastKnownFileType = sourcecode.swift; path = TodayViewController.swift; sourceTree = "<group>"; };
		A605CB3623D6F88F00777436 /* Assets.xcassets */ = {isa = PBXFileReference; lastKnownFileType = folder.assetcatalog; path = Assets.xcassets; sourceTree = "<group>"; };
		A605CB3923D6F88F00777436 /* Base */ = {isa = PBXFileReference; lastKnownFileType = file.storyboard; name = Base; path = Base.lproj/LaunchScreen.storyboard; sourceTree = "<group>"; };
		A605CB3B23D6F88F00777436 /* Info.plist */ = {isa = PBXFileReference; lastKnownFileType = text.plist.xml; path = Info.plist; sourceTree = "<group>"; };
		A605CB4423D6F97A00777436 /* MonthViewController.swift */ = {isa = PBXFileReference; lastKnownFileType = sourcecode.swift; path = MonthViewController.swift; sourceTree = "<group>"; };
		A605CB4623D6F99E00777436 /* ChartViewController.swift */ = {isa = PBXFileReference; lastKnownFileType = sourcecode.swift; path = ChartViewController.swift; sourceTree = "<group>"; };
		A605CB4823D6FAB500777436 /* TodayView.swift */ = {isa = PBXFileReference; lastKnownFileType = sourcecode.swift; path = TodayView.swift; sourceTree = "<group>"; };
		A605CB4A23D6FAC000777436 /* MonthView.swift */ = {isa = PBXFileReference; lastKnownFileType = sourcecode.swift; path = MonthView.swift; sourceTree = "<group>"; };
		A605CB4C23D6FAC800777436 /* ChartView.swift */ = {isa = PBXFileReference; lastKnownFileType = sourcecode.swift; path = ChartView.swift; sourceTree = "<group>"; };
		A605CB4E23D6FADC00777436 /* ColorData.swift */ = {isa = PBXFileReference; lastKnownFileType = sourcecode.swift; path = ColorData.swift; sourceTree = "<group>"; };
		A605CB5123D8197900777436 /* TodayTableCell.swift */ = {isa = PBXFileReference; lastKnownFileType = sourcecode.swift; path = TodayTableCell.swift; sourceTree = "<group>"; };
		A605CB5323D81B9D00777436 /* InputView.swift */ = {isa = PBXFileReference; lastKnownFileType = sourcecode.swift; path = InputView.swift; sourceTree = "<group>"; };
		A605CB5523D820B300777436 /* TagView.swift */ = {isa = PBXFileReference; lastKnownFileType = sourcecode.swift; path = TagView.swift; sourceTree = "<group>"; };
		A605CB5723D821F300777436 /* TagData.swift */ = {isa = PBXFileReference; lastKnownFileType = sourcecode.swift; path = TagData.swift; sourceTree = "<group>"; };
		A605CB5923D83D6B00777436 /* TestViewController.swift */ = {isa = PBXFileReference; lastKnownFileType = sourcecode.swift; path = TestViewController.swift; sourceTree = "<group>"; };
		A605CB5D23D847F800777436 /* InputViewController.swift */ = {isa = PBXFileReference; lastKnownFileType = sourcecode.swift; path = InputViewController.swift; sourceTree = "<group>"; };
/* End PBXFileReference section */

/* Begin PBXFrameworksBuildPhase section */
		A605CB2723D6F88E00777436 /* Frameworks */ = {
			isa = PBXFrameworksBuildPhase;
			buildActionMask = 2147483647;
			files = (
				892C6998D4713CED61509C2E /* Pods_AppAccountBook.framework in Frameworks */,
			);
			runOnlyForDeploymentPostprocessing = 0;
		};
/* End PBXFrameworksBuildPhase section */

/* Begin PBXGroup section */
		A5C85128D233BE3D472FBB97 /* Pods */ = {
			isa = PBXGroup;
			children = (
				1E7760C7B82B40393CE9440E /* Pods-AppAccountBook.debug.xcconfig */,
				387D89C2FC1301E1B11DAA7A /* Pods-AppAccountBook.release.xcconfig */,
			);
			name = Pods;
			path = Pods;
			sourceTree = "<group>";
		};
		A605CB2123D6F88E00777436 = {
			isa = PBXGroup;
			children = (
				A605CB2C23D6F88E00777436 /* AppAccountBook */,
				A605CB2B23D6F88E00777436 /* Products */,
				A5C85128D233BE3D472FBB97 /* Pods */,
				A95F7790262036D558A8EA3E /* Frameworks */,
			);
			sourceTree = "<group>";
		};
		A605CB2B23D6F88E00777436 /* Products */ = {
			isa = PBXGroup;
			children = (
				A605CB2A23D6F88E00777436 /* AppAccountBook.app */,
			);
			name = Products;
			sourceTree = "<group>";
		};
		A605CB2C23D6F88E00777436 /* AppAccountBook */ = {
			isa = PBXGroup;
			children = (
				A605CB2D23D6F88E00777436 /* AppDelegate.swift */,
				A605CB2F23D6F88E00777436 /* SceneDelegate.swift */,
				A605CB5923D83D6B00777436 /* TestViewController.swift */,
				A605CB4123D6F92600777436 /* Model */,
				A605CB4223D6F92D00777436 /* View */,
				A605CB4323D6F93400777436 /* Controller */,
				A605CB3623D6F88F00777436 /* Assets.xcassets */,
				A605CB3823D6F88F00777436 /* LaunchScreen.storyboard */,
				A605CB3B23D6F88F00777436 /* Info.plist */,
			);
			path = AppAccountBook;
			sourceTree = "<group>";
		};
		A605CB4123D6F92600777436 /* Model */ = {
			isa = PBXGroup;
			children = (
				A605CB4E23D6FADC00777436 /* ColorData.swift */,
				A605CB5723D821F300777436 /* TagData.swift */,
			);
			path = Model;
			sourceTree = "<group>";
		};
		A605CB4223D6F92D00777436 /* View */ = {
			isa = PBXGroup;
			children = (
				A605CB5023D8193A00777436 /* TodayViews */,
				A605CB5B23D8459C00777436 /* MonthViews */,
				A605CB5C23D845AC00777436 /* ChartViews */,
				A605CB5323D81B9D00777436 /* InputView.swift */,
				A605CB5523D820B300777436 /* TagView.swift */,
			);
			path = View;
			sourceTree = "<group>";
		};
		A605CB4323D6F93400777436 /* Controller */ = {
			isa = PBXGroup;
			children = (
				A605CB3123D6F88E00777436 /* TodayViewController.swift */,
				A605CB4423D6F97A00777436 /* MonthViewController.swift */,
				A605CB4623D6F99E00777436 /* ChartViewController.swift */,
				A605CB5D23D847F800777436 /* InputViewController.swift */,
			);
			path = Controller;
			sourceTree = "<group>";
		};
		A605CB5023D8193A00777436 /* TodayViews */ = {
			isa = PBXGroup;
			children = (
				A605CB4823D6FAB500777436 /* TodayView.swift */,
				A605CB5123D8197900777436 /* TodayTableCell.swift */,
			);
			path = TodayViews;
			sourceTree = "<group>";
		};
		A605CB5B23D8459C00777436 /* MonthViews */ = {
			isa = PBXGroup;
			children = (
				A605CB4A23D6FAC000777436 /* MonthView.swift */,
			);
			path = MonthViews;
			sourceTree = "<group>";
		};
		A605CB5C23D845AC00777436 /* ChartViews */ = {
			isa = PBXGroup;
			children = (
				A605CB4C23D6FAC800777436 /* ChartView.swift */,
			);
			path = ChartViews;
			sourceTree = "<group>";
		};
		A95F7790262036D558A8EA3E /* Frameworks */ = {
			isa = PBXGroup;
			children = (
				37198681FE477672229B795D /* Pods_AppAccountBook.framework */,
			);
			name = Frameworks;
			sourceTree = "<group>";
		};
/* End PBXGroup section */

/* Begin PBXNativeTarget section */
		A605CB2923D6F88E00777436 /* AppAccountBook */ = {
			isa = PBXNativeTarget;
			buildConfigurationList = A605CB3E23D6F88F00777436 /* Build configuration list for PBXNativeTarget "AppAccountBook" */;
			buildPhases = (
				4A23327DE9DFEDEE6638B786 /* [CP] Check Pods Manifest.lock */,
				A605CB2623D6F88E00777436 /* Sources */,
				A605CB2723D6F88E00777436 /* Frameworks */,
				A605CB2823D6F88E00777436 /* Resources */,
				DFFF5BCBF47E46FDBE596C41 /* [CP] Embed Pods Frameworks */,
			);
			buildRules = (
			);
			dependencies = (
			);
			name = AppAccountBook;
			productName = AppAccountBook;
			productReference = A605CB2A23D6F88E00777436 /* AppAccountBook.app */;
			productType = "com.apple.product-type.application";
		};
/* End PBXNativeTarget section */

/* Begin PBXProject section */
		A605CB2223D6F88E00777436 /* Project object */ = {
			isa = PBXProject;
			attributes = {
				LastSwiftUpdateCheck = 1130;
				LastUpgradeCheck = 1130;
				ORGANIZATIONNAME = Jisng;
				TargetAttributes = {
					A605CB2923D6F88E00777436 = {
						CreatedOnToolsVersion = 11.3;
					};
				};
			};
			buildConfigurationList = A605CB2523D6F88E00777436 /* Build configuration list for PBXProject "AppAccountBook" */;
			compatibilityVersion = "Xcode 9.3";
			developmentRegion = en;
			hasScannedForEncodings = 0;
			knownRegions = (
				en,
				Base,
			);
			mainGroup = A605CB2123D6F88E00777436;
			productRefGroup = A605CB2B23D6F88E00777436 /* Products */;
			projectDirPath = "";
			projectRoot = "";
			targets = (
				A605CB2923D6F88E00777436 /* AppAccountBook */,
			);
		};
/* End PBXProject section */

/* Begin PBXResourcesBuildPhase section */
		A605CB2823D6F88E00777436 /* Resources */ = {
			isa = PBXResourcesBuildPhase;
			buildActionMask = 2147483647;
			files = (
				A605CB3A23D6F88F00777436 /* LaunchScreen.storyboard in Resources */,
				A605CB3723D6F88F00777436 /* Assets.xcassets in Resources */,
			);
			runOnlyForDeploymentPostprocessing = 0;
		};
/* End PBXResourcesBuildPhase section */

/* Begin PBXShellScriptBuildPhase section */
		4A23327DE9DFEDEE6638B786 /* [CP] Check Pods Manifest.lock */ = {
			isa = PBXShellScriptBuildPhase;
			buildActionMask = 2147483647;
			files = (
			);
			inputFileListPaths = (
			);
			inputPaths = (
				"${PODS_PODFILE_DIR_PATH}/Podfile.lock",
				"${PODS_ROOT}/Manifest.lock",
			);
			name = "[CP] Check Pods Manifest.lock";
			outputFileListPaths = (
			);
			outputPaths = (
				"$(DERIVED_FILE_DIR)/Pods-AppAccountBook-checkManifestLockResult.txt",
			);
			runOnlyForDeploymentPostprocessing = 0;
			shellPath = /bin/sh;
			shellScript = "diff \"${PODS_PODFILE_DIR_PATH}/Podfile.lock\" \"${PODS_ROOT}/Manifest.lock\" > /dev/null\nif [ $? != 0 ] ; then\n    # print error to STDERR\n    echo \"error: The sandbox is not in sync with the Podfile.lock. Run 'pod install' or update your CocoaPods installation.\" >&2\n    exit 1\nfi\n# This output is used by Xcode 'outputs' to avoid re-running this script phase.\necho \"SUCCESS\" > \"${SCRIPT_OUTPUT_FILE_0}\"\n";
			showEnvVarsInLog = 0;
		};
		DFFF5BCBF47E46FDBE596C41 /* [CP] Embed Pods Frameworks */ = {
			isa = PBXShellScriptBuildPhase;
			buildActionMask = 2147483647;
			files = (
			);
			inputFileListPaths = (
				"${PODS_ROOT}/Target Support Files/Pods-AppAccountBook/Pods-AppAccountBook-frameworks-${CONFIGURATION}-input-files.xcfilelist",
			);
			name = "[CP] Embed Pods Frameworks";
			outputFileListPaths = (
				"${PODS_ROOT}/Target Support Files/Pods-AppAccountBook/Pods-AppAccountBook-frameworks-${CONFIGURATION}-output-files.xcfilelist",
			);
			runOnlyForDeploymentPostprocessing = 0;
			shellPath = /bin/sh;
			shellScript = "\"${PODS_ROOT}/Target Support Files/Pods-AppAccountBook/Pods-AppAccountBook-frameworks.sh\"\n";
			showEnvVarsInLog = 0;
		};
/* End PBXShellScriptBuildPhase section */

/* Begin PBXSourcesBuildPhase section */
		A605CB2623D6F88E00777436 /* Sources */ = {
			isa = PBXSourcesBuildPhase;
			buildActionMask = 2147483647;
			files = (
				A605CB5A23D83D6B00777436 /* TestViewController.swift in Sources */,
				A605CB5223D8197900777436 /* TodayTableCell.swift in Sources */,
				A605CB3223D6F88E00777436 /* TodayViewController.swift in Sources */,
				A605CB4523D6F97A00777436 /* MonthViewController.swift in Sources */,
				A605CB5823D821F300777436 /* TagData.swift in Sources */,
				A605CB2E23D6F88E00777436 /* AppDelegate.swift in Sources */,
				A605CB5E23D847F800777436 /* InputViewController.swift in Sources */,
				A605CB3023D6F88E00777436 /* SceneDelegate.swift in Sources */,
				A605CB4923D6FAB500777436 /* TodayView.swift in Sources */,
				A605CB4723D6F99E00777436 /* ChartViewController.swift in Sources */,
				A605CB4B23D6FAC000777436 /* MonthView.swift in Sources */,
				A605CB4F23D6FADC00777436 /* ColorData.swift in Sources */,
				A605CB4D23D6FAC800777436 /* ChartView.swift in Sources */,
				A605CB5423D81B9D00777436 /* InputView.swift in Sources */,
				A605CB5623D820B300777436 /* TagView.swift in Sources */,
			);
			runOnlyForDeploymentPostprocessing = 0;
		};
/* End PBXSourcesBuildPhase section */

/* Begin PBXVariantGroup section */
		A605CB3823D6F88F00777436 /* LaunchScreen.storyboard */ = {
			isa = PBXVariantGroup;
			children = (
				A605CB3923D6F88F00777436 /* Base */,
			);
			name = LaunchScreen.storyboard;
			sourceTree = "<group>";
		};
/* End PBXVariantGroup section */

/* Begin XCBuildConfiguration section */
		A605CB3C23D6F88F00777436 /* Debug */ = {
			isa = XCBuildConfiguration;
			buildSettings = {
				ALWAYS_SEARCH_USER_PATHS = NO;
				CLANG_ANALYZER_NONNULL = YES;
				CLANG_ANALYZER_NUMBER_OBJECT_CONVERSION = YES_AGGRESSIVE;
				CLANG_CXX_LANGUAGE_STANDARD = "gnu++14";
				CLANG_CXX_LIBRARY = "libc++";
				CLANG_ENABLE_MODULES = YES;
				CLANG_ENABLE_OBJC_ARC = YES;
				CLANG_ENABLE_OBJC_WEAK = YES;
				CLANG_WARN_BLOCK_CAPTURE_AUTORELEASING = YES;
				CLANG_WARN_BOOL_CONVERSION = YES;
				CLANG_WARN_COMMA = YES;
				CLANG_WARN_CONSTANT_CONVERSION = YES;
				CLANG_WARN_DEPRECATED_OBJC_IMPLEMENTATIONS = YES;
				CLANG_WARN_DIRECT_OBJC_ISA_USAGE = YES_ERROR;
				CLANG_WARN_DOCUMENTATION_COMMENTS = YES;
				CLANG_WARN_EMPTY_BODY = YES;
				CLANG_WARN_ENUM_CONVERSION = YES;
				CLANG_WARN_INFINITE_RECURSION = YES;
				CLANG_WARN_INT_CONVERSION = YES;
				CLANG_WARN_NON_LITERAL_NULL_CONVERSION = YES;
				CLANG_WARN_OBJC_IMPLICIT_RETAIN_SELF = YES;
				CLANG_WARN_OBJC_LITERAL_CONVERSION = YES;
				CLANG_WARN_OBJC_ROOT_CLASS = YES_ERROR;
				CLANG_WARN_RANGE_LOOP_ANALYSIS = YES;
				CLANG_WARN_STRICT_PROTOTYPES = YES;
				CLANG_WARN_SUSPICIOUS_MOVE = YES;
				CLANG_WARN_UNGUARDED_AVAILABILITY = YES_AGGRESSIVE;
				CLANG_WARN_UNREACHABLE_CODE = YES;
				CLANG_WARN__DUPLICATE_METHOD_MATCH = YES;
				COPY_PHASE_STRIP = NO;
				DEBUG_INFORMATION_FORMAT = dwarf;
				ENABLE_STRICT_OBJC_MSGSEND = YES;
				ENABLE_TESTABILITY = YES;
				GCC_C_LANGUAGE_STANDARD = gnu11;
				GCC_DYNAMIC_NO_PIC = NO;
				GCC_NO_COMMON_BLOCKS = YES;
				GCC_OPTIMIZATION_LEVEL = 0;
				GCC_PREPROCESSOR_DEFINITIONS = (
					"DEBUG=1",
					"$(inherited)",
				);
				GCC_WARN_64_TO_32_BIT_CONVERSION = YES;
				GCC_WARN_ABOUT_RETURN_TYPE = YES_ERROR;
				GCC_WARN_UNDECLARED_SELECTOR = YES;
				GCC_WARN_UNINITIALIZED_AUTOS = YES_AGGRESSIVE;
				GCC_WARN_UNUSED_FUNCTION = YES;
				GCC_WARN_UNUSED_VARIABLE = YES;
				IPHONEOS_DEPLOYMENT_TARGET = 13.2;
				MTL_ENABLE_DEBUG_INFO = INCLUDE_SOURCE;
				MTL_FAST_MATH = YES;
				ONLY_ACTIVE_ARCH = YES;
				SDKROOT = iphoneos;
				SWIFT_ACTIVE_COMPILATION_CONDITIONS = DEBUG;
				SWIFT_OPTIMIZATION_LEVEL = "-Onone";
			};
			name = Debug;
		};
		A605CB3D23D6F88F00777436 /* Release */ = {
			isa = XCBuildConfiguration;
			buildSettings = {
				ALWAYS_SEARCH_USER_PATHS = NO;
				CLANG_ANALYZER_NONNULL = YES;
				CLANG_ANALYZER_NUMBER_OBJECT_CONVERSION = YES_AGGRESSIVE;
				CLANG_CXX_LANGUAGE_STANDARD = "gnu++14";
				CLANG_CXX_LIBRARY = "libc++";
				CLANG_ENABLE_MODULES = YES;
				CLANG_ENABLE_OBJC_ARC = YES;
				CLANG_ENABLE_OBJC_WEAK = YES;
				CLANG_WARN_BLOCK_CAPTURE_AUTORELEASING = YES;
				CLANG_WARN_BOOL_CONVERSION = YES;
				CLANG_WARN_COMMA = YES;
				CLANG_WARN_CONSTANT_CONVERSION = YES;
				CLANG_WARN_DEPRECATED_OBJC_IMPLEMENTATIONS = YES;
				CLANG_WARN_DIRECT_OBJC_ISA_USAGE = YES_ERROR;
				CLANG_WARN_DOCUMENTATION_COMMENTS = YES;
				CLANG_WARN_EMPTY_BODY = YES;
				CLANG_WARN_ENUM_CONVERSION = YES;
				CLANG_WARN_INFINITE_RECURSION = YES;
				CLANG_WARN_INT_CONVERSION = YES;
				CLANG_WARN_NON_LITERAL_NULL_CONVERSION = YES;
				CLANG_WARN_OBJC_IMPLICIT_RETAIN_SELF = YES;
				CLANG_WARN_OBJC_LITERAL_CONVERSION = YES;
				CLANG_WARN_OBJC_ROOT_CLASS = YES_ERROR;
				CLANG_WARN_RANGE_LOOP_ANALYSIS = YES;
				CLANG_WARN_STRICT_PROTOTYPES = YES;
				CLANG_WARN_SUSPICIOUS_MOVE = YES;
				CLANG_WARN_UNGUARDED_AVAILABILITY = YES_AGGRESSIVE;
				CLANG_WARN_UNREACHABLE_CODE = YES;
				CLANG_WARN__DUPLICATE_METHOD_MATCH = YES;
				COPY_PHASE_STRIP = NO;
				DEBUG_INFORMATION_FORMAT = "dwarf-with-dsym";
				ENABLE_NS_ASSERTIONS = NO;
				ENABLE_STRICT_OBJC_MSGSEND = YES;
				GCC_C_LANGUAGE_STANDARD = gnu11;
				GCC_NO_COMMON_BLOCKS = YES;
				GCC_WARN_64_TO_32_BIT_CONVERSION = YES;
				GCC_WARN_ABOUT_RETURN_TYPE = YES_ERROR;
				GCC_WARN_UNDECLARED_SELECTOR = YES;
				GCC_WARN_UNINITIALIZED_AUTOS = YES_AGGRESSIVE;
				GCC_WARN_UNUSED_FUNCTION = YES;
				GCC_WARN_UNUSED_VARIABLE = YES;
				IPHONEOS_DEPLOYMENT_TARGET = 13.2;
				MTL_ENABLE_DEBUG_INFO = NO;
				MTL_FAST_MATH = YES;
				SDKROOT = iphoneos;
				SWIFT_COMPILATION_MODE = wholemodule;
				SWIFT_OPTIMIZATION_LEVEL = "-O";
				VALIDATE_PRODUCT = YES;
			};
			name = Release;
		};
		A605CB3F23D6F88F00777436 /* Debug */ = {
			isa = XCBuildConfiguration;
			baseConfigurationReference = 1E7760C7B82B40393CE9440E /* Pods-AppAccountBook.debug.xcconfig */;
			buildSettings = {
				ASSETCATALOG_COMPILER_APPICON_NAME = AppIcon;
				CODE_SIGN_STYLE = Automatic;
				DEVELOPMENT_TEAM = G4MM77V7NH;
				INFOPLIST_FILE = AppAccountBook/Info.plist;
				LD_RUNPATH_SEARCH_PATHS = (
					"$(inherited)",
					"@executable_path/Frameworks",
				);
				PRODUCT_BUNDLE_IDENTIFIER = kr.jisng.identifier.AppAccountBook;
				PRODUCT_NAME = "$(TARGET_NAME)";
				SWIFT_VERSION = 5.0;
				TARGETED_DEVICE_FAMILY = "1,2";
			};
			name = Debug;
		};
		A605CB4023D6F88F00777436 /* Release */ = {
			isa = XCBuildConfiguration;
			baseConfigurationReference = 387D89C2FC1301E1B11DAA7A /* Pods-AppAccountBook.release.xcconfig */;
			buildSettings = {
				ASSETCATALOG_COMPILER_APPICON_NAME = AppIcon;
				CODE_SIGN_STYLE = Automatic;
				DEVELOPMENT_TEAM = G4MM77V7NH;
				INFOPLIST_FILE = AppAccountBook/Info.plist;
				LD_RUNPATH_SEARCH_PATHS = (
					"$(inherited)",
					"@executable_path/Frameworks",
				);
				PRODUCT_BUNDLE_IDENTIFIER = kr.jisng.identifier.AppAccountBook;
				PRODUCT_NAME = "$(TARGET_NAME)";
				SWIFT_VERSION = 5.0;
				TARGETED_DEVICE_FAMILY = "1,2";
			};
			name = Release;
		};
/* End XCBuildConfiguration section */

/* Begin XCConfigurationList section */
		A605CB2523D6F88E00777436 /* Build configuration list for PBXProject "AppAccountBook" */ = {
			isa = XCConfigurationList;
			buildConfigurations = (
				A605CB3C23D6F88F00777436 /* Debug */,
				A605CB3D23D6F88F00777436 /* Release */,
			);
			defaultConfigurationIsVisible = 0;
			defaultConfigurationName = Release;
		};
		A605CB3E23D6F88F00777436 /* Build configuration list for PBXNativeTarget "AppAccountBook" */ = {
			isa = XCConfigurationList;
			buildConfigurations = (
				A605CB3F23D6F88F00777436 /* Debug */,
				A605CB4023D6F88F00777436 /* Release */,
			);
			defaultConfigurationIsVisible = 0;
			defaultConfigurationName = Release;
		};
/* End XCConfigurationList section */
	};
	rootObject = A605CB2223D6F88E00777436 /* Project object */;
}
